
Microsoft Visual Studio Solution File, Format Version 12.00
# Visual Studio 2012
Project("{FAE04EC0-301F-11D3-BF4B-00C04F79EFBC}") = "WPF_Sample", "WPF_Sample\WPF_Sample.csproj", "{682A1762-D78D-4EAD-81BA-1E69B8E1433C}"
EndProject
Project("{FAE04EC0-301F-11D3-BF4B-00C04F79EFBC}") = "DataBinding_Sample", "DataBinding_Sample\DataBinding_Sample.csproj", "{BB7A12F0-0F4B-4B1D-A259-43B9A3C0C75A}"
EndProject
Global
	GlobalSection(SolutionConfigurationPlatforms) = preSolution
		Debug|Any CPU = Debug|Any CPU
		Release|Any CPU = Release|Any CPU
	EndGlobalSection
	GlobalSection(ProjectConfigurationPlatforms) = postSolution
		{682A1762-D78D-4EAD-81BA-1E69B8E1433C}.Debug|Any CPU.ActiveCfg = Debug|Any CPU
		{682A1762-D78D-4EAD-81BA-1E69B8E1433C}.Debug|Any CPU.Build.0 = Debug|Any CPU
		{682A1762-D78D-4EAD-81BA-1E69B8E1433C}.Release|Any CPU.ActiveCfg = Release|Any CPU
		{682A1762-D78D-4EAD-81BA-1E69B8E1433C}.Release|Any CPU.Build.0 = Release|Any CPU
		{BB7A12F0-0F4B-4B1D-A259-43B9A3C0C75A}.Debug|Any CPU.ActiveCfg = Debug|Any CPU
		{BB7A12F0-0F4B-4B1D-A259-43B9A3C0C75A}.Debug|Any CPU.Build.0 = Debug|Any CPU
		{BB7A12F0-0F4B-4B1D-A259-43B9A3C0C75A}.Release|Any CPU.ActiveCfg = Release|Any CPU
		{BB7A12F0-0F4B-4B1D-A259-43B9A3C0C75A}.Release|Any CPU.Build.0 = Release|Any CPU
	EndGlobalSection
	GlobalSection(SolutionProperties) = preSolution
		HideSolutionNode = FALSE
	EndGlobalSection
EndGlobal
